// !$*UTF8*$!
{
	archiveVersion = 1;
	classes = {
	};
	objectVersion = 77;
	objects = {

/* Begin PBXContainerItemProxy section */
		5A2383312C87EA4D004548F4 /* PBXContainerItemProxy */ = {
			isa = PBXContainerItemProxy;
			containerPortal = 5A23830D2C87EA4B004548F4 /* Project object */;
			proxyType = 1;
			remoteGlobalIDString = 5A2383142C87EA4B004548F4;
			remoteInfo = reversi;
		};
		5A23833B2C87EA4D004548F4 /* PBXContainerItemProxy */ = {
			isa = PBXContainerItemProxy;
			containerPortal = 5A23830D2C87EA4B004548F4 /* Project object */;
			proxyType = 1;
			remoteGlobalIDString = 5A2383142C87EA4B004548F4;
			remoteInfo = reversi;
		};
/* End PBXContainerItemProxy section */

/* Begin PBXFileReference section */
		5A2383152C87EA4B004548F4 /* reversi.app */ = {isa = PBXFileReference; explicitFileType = wrapper.application; includeInIndex = 0; path = reversi.app; sourceTree = BUILT_PRODUCTS_DIR; };
		5A2383302C87EA4D004548F4 /* reversiTests.xctest */ = {isa = PBXFileReference; explicitFileType = wrapper.cfbundle; includeInIndex = 0; path = reversiTests.xctest; sourceTree = BUILT_PRODUCTS_DIR; };
		5A23833A2C87EA4D004548F4 /* reversiUITests.xctest */ = {isa = PBXFileReference; explicitFileType = wrapper.cfbundle; includeInIndex = 0; path = reversiUITests.xctest; sourceTree = BUILT_PRODUCTS_DIR; };
/* End PBXFileReference section */

/* Begin PBXFileSystemSynchronizedBuildFileExceptionSet section */
		5A2383422C87EA4D004548F4 /* Exceptions for "reversi" folder in "reversi" target */ = {
			isa = PBXFileSystemSynchronizedBuildFileExceptionSet;
			membershipExceptions = (
				"/Localized: LaunchScreen.storyboard",
				"/Localized: Main.storyboard",
				Info.plist,
			);
			target = 5A2383142C87EA4B004548F4 /* reversi */;
		};
/* End PBXFileSystemSynchronizedBuildFileExceptionSet section */

/* Begin PBXFileSystemSynchronizedGroupBuildPhaseMembershipExceptionSet section */
		5A2383462C87EA4D004548F4 /* Exceptions for "reversi" folder in "Copy Bundle Resources" phase from "reversi" target */ = {
			isa = PBXFileSystemSynchronizedGroupBuildPhaseMembershipExceptionSet;
			buildPhase = 5A2383132C87EA4B004548F4 /* Resources */;
			membershipExceptions = (
				Base.lproj/LaunchScreen.storyboard,
				Base.lproj/Main.storyboard,
			);
		};
/* End PBXFileSystemSynchronizedGroupBuildPhaseMembershipExceptionSet section */

/* Begin PBXFileSystemSynchronizedRootGroup section */
		5A2383172C87EA4B004548F4 /* reversi */ = {
			isa = PBXFileSystemSynchronizedRootGroup;
			exceptions = (
				5A2383422C87EA4D004548F4 /* Exceptions for "reversi" folder in "reversi" target */,
				5A2383462C87EA4D004548F4 /* Exceptions for "reversi" folder in "Copy Bundle Resources" phase from "reversi" target */,
			);
			path = reversi;
			sourceTree = "<group>";
		};
		5A2383332C87EA4D004548F4 /* reversiTests */ = {
			isa = PBXFileSystemSynchronizedRootGroup;
			path = reversiTests;
			sourceTree = "<group>";
		};
		5A23833D2C87EA4D004548F4 /* reversiUITests */ = {
			isa = PBXFileSystemSynchronizedRootGroup;
			path = reversiUITests;
			sourceTree = "<group>";
		};
/* End PBXFileSystemSynchronizedRootGroup section */

/* Begin PBXFrameworksBuildPhase section */
		5A2383122C87EA4B004548F4 /* Frameworks */ = {
			isa = PBXFrameworksBuildPhase;
			buildActionMask = 2147483647;
			files = (
			);
			runOnlyForDeploymentPostprocessing = 0;
		};
		5A23832D2C87EA4D004548F4 /* Frameworks */ = {
			isa = PBXFrameworksBuildPhase;
			buildActionMask = 2147483647;
			files = (
			);
			runOnlyForDeploymentPostprocessing = 0;
		};
		5A2383372C87EA4D004548F4 /* Frameworks */ = {
			isa = PBXFrameworksBuildPhase;
			buildActionMask = 2147483647;
			files = (
			);
			runOnlyForDeploymentPostprocessing = 0;
		};
/* End PBXFrameworksBuildPhase section */

/* Begin PBXGroup section */
		5A23830C2C87EA4B004548F4 = {
			isa = PBXGroup;
			children = (
				5A2383172C87EA4B004548F4 /* reversi */,
				5A2383332C87EA4D004548F4 /* reversiTests */,
				5A23833D2C87EA4D004548F4 /* reversiUITests */,
				5A2383162C87EA4B004548F4 /* Products */,
			);
			sourceTree = "<group>";
		};
		5A2383162C87EA4B004548F4 /* Products */ = {
			isa = PBXGroup;
			children = (
				5A2383152C87EA4B004548F4 /* reversi.app */,
				5A2383302C87EA4D004548F4 /* reversiTests.xctest */,
				5A23833A2C87EA4D004548F4 /* reversiUITests.xctest */,
			);
			name = Products;
			sourceTree = "<group>";
		};
/* End PBXGroup section */

/* Begin PBXNativeTarget section */
		5A2383142C87EA4B004548F4 /* reversi */ = {
			isa = PBXNativeTarget;
			buildConfigurationList = 5A2383432C87EA4D004548F4 /* Build configuration list for PBXNativeTarget "reversi" */;
			buildPhases = (
				5A2383112C87EA4B004548F4 /* Sources */,
				5A2383122C87EA4B004548F4 /* Frameworks */,
				5A2383132C87EA4B004548F4 /* Resources */,
			);
			buildRules = (
			);
			dependencies = (
			);
			fileSystemSynchronizedGroups = (
				5A2383172C87EA4B004548F4 /* reversi */,
			);
			name = reversi;
			packageProductDependencies = (
			);
			productName = reversi;
			productReference = 5A2383152C87EA4B004548F4 /* reversi.app */;
			productType = "com.apple.product-type.application";
		};
		5A23832F2C87EA4D004548F4 /* reversiTests */ = {
			isa = PBXNativeTarget;
			buildConfigurationList = 5A2383492C87EA4D004548F4 /* Build configuration list for PBXNativeTarget "reversiTests" */;
			buildPhases = (
				5A23832C2C87EA4D004548F4 /* Sources */,
				5A23832D2C87EA4D004548F4 /* Frameworks */,
				5A23832E2C87EA4D004548F4 /* Resources */,
			);
			buildRules = (
			);
			dependencies = (
				5A2383322C87EA4D004548F4 /* PBXTargetDependency */,
			);
			fileSystemSynchronizedGroups = (
				5A2383332C87EA4D004548F4 /* reversiTests */,
			);
			name = reversiTests;
			packageProductDependencies = (
			);
			productName = reversiTests;
			productReference = 5A2383302C87EA4D004548F4 /* reversiTests.xctest */;
			productType = "com.apple.product-type.bundle.unit-test";
		};
		5A2383392C87EA4D004548F4 /* reversiUITests */ = {
			isa = PBXNativeTarget;
			buildConfigurationList = 5A23834C2C87EA4D004548F4 /* Build configuration list for PBXNativeTarget "reversiUITests" */;
			buildPhases = (
				5A2383362C87EA4D004548F4 /* Sources */,
				5A2383372C87EA4D004548F4 /* Frameworks */,
				5A2383382C87EA4D004548F4 /* Resources */,
			);
			buildRules = (
			);
			dependencies = (
				5A23833C2C87EA4D004548F4 /* PBXTargetDependency */,
			);
			fileSystemSynchronizedGroups = (
				5A23833D2C87EA4D004548F4 /* reversiUITests */,
			);
			name = reversiUITests;
			packageProductDependencies = (
			);
			productName = reversiUITests;
			productReference = 5A23833A2C87EA4D004548F4 /* reversiUITests.xctest */;
			productType = "com.apple.product-type.bundle.ui-testing";
		};
/* End PBXNativeTarget section */

/* Begin PBXProject section */
		5A23830D2C87EA4B004548F4 /* Project object */ = {
			isa = PBXProject;
			attributes = {
				BuildIndependentTargetsInParallel = 1;
				LastUpgradeCheck = 1610;
				TargetAttributes = {
					5A2383142C87EA4B004548F4 = {
						CreatedOnToolsVersion = 16.1;
					};
					5A23832F2C87EA4D004548F4 = {
						CreatedOnToolsVersion = 16.1;
						TestTargetID = 5A2383142C87EA4B004548F4;
					};
					5A2383392C87EA4D004548F4 = {
						CreatedOnToolsVersion = 16.1;
						TestTargetID = 5A2383142C87EA4B004548F4;
					};
				};
			};
			buildConfigurationList = 5A2383102C87EA4B004548F4 /* Build configuration list for PBXProject "reversi" */;
			developmentRegion = en;
			hasScannedForEncodings = 0;
			knownRegions = (
				en,
				Base,
			);
			mainGroup = 5A23830C2C87EA4B004548F4;
			minimizedProjectReferenceProxies = 1;
			preferredProjectObjectVersion = 77;
			productRefGroup = 5A2383162C87EA4B004548F4 /* Products */;
			projectDirPath = "";
			projectRoot = "";
			targets = (
				5A2383142C87EA4B004548F4 /* reversi */,
				5A23832F2C87EA4D004548F4 /* reversiTests */,
				5A2383392C87EA4D004548F4 /* reversiUITests */,
			);
		};
/* End PBXProject section */

/* Begin PBXResourcesBuildPhase section */
		5A2383132C87EA4B004548F4 /* Resources */ = {
			isa = PBXResourcesBuildPhase;
			buildActionMask = 2147483647;
			files = (
			);
			runOnlyForDeploymentPostprocessing = 0;
		};
		5A23832E2C87EA4D004548F4 /* Resources */ = {
			isa = PBXResourcesBuildPhase;
			buildActionMask = 2147483647;
			files = (
			);
			runOnlyForDeploymentPostprocessing = 0;
		};
		5A2383382C87EA4D004548F4 /* Resources */ = {
			isa = PBXResourcesBuildPhase;
			buildActionMask = 2147483647;
			files = (
			);
			runOnlyForDeploymentPostprocessing = 0;
		};
/* End PBXResourcesBuildPhase section */

/* Begin PBXSourcesBuildPhase section */
		5A2383112C87EA4B004548F4 /* Sources */ = {
			isa = PBXSourcesBuildPhase;
			buildActionMask = 2147483647;
			files = (
			);
			runOnlyForDeploymentPostprocessing = 0;
		};
		5A23832C2C87EA4D004548F4 /* Sources */ = {
			isa = PBXSourcesBuildPhase;
			buildActionMask = 2147483647;
			files = (
			);
			runOnlyForDeploymentPostprocessing = 0;
		};
		5A2383362C87EA4D004548F4 /* Sources */ = {
			isa = PBXSourcesBuildPhase;
			buildActionMask = 2147483647;
			files = (
			);
			runOnlyForDeploymentPostprocessing = 0;
		};
/* End PBXSourcesBuildPhase section */

/* Begin PBXTargetDependency section */
		5A2383322C87EA4D004548F4 /* PBXTargetDependency */ = {
			isa = PBXTargetDependency;
			target = 5A2383142C87EA4B004548F4 /* reversi */;
			targetProxy = 5A2383312C87EA4D004548F4 /* PBXContainerItemProxy */;
		};
		5A23833C2C87EA4D004548F4 /* PBXTargetDependency */ = {
			isa = PBXTargetDependency;
			target = 5A2383142C87EA4B004548F4 /* reversi */;
			targetProxy = 5A23833B2C87EA4D004548F4 /* PBXContainerItemProxy */;
		};
/* End PBXTargetDependency section */

/* Begin XCBuildConfiguration section */
		5A2383442C87EA4D004548F4 /* Debug */ = {
			isa = XCBuildConfiguration;
			buildSettings = {
				ASSETCATALOG_COMPILER_APPICON_NAME = AppIcon;
				ASSETCATALOG_COMPILER_GLOBAL_ACCENT_COLOR_NAME = AccentColor;
				CODE_SIGN_IDENTITY = "Apple Development";
				CODE_SIGN_STYLE = Automatic;
				CURRENT_PROJECT_VERSION = 1;
				DEVELOPMENT_TEAM = FK8QHR7LYX;
				GCC_FAST_MATH = YES;
				GCC_OPTIMIZATION_LEVEL = fast;
				GCC_UNROLL_LOOPS = YES;
				GENERATE_INFOPLIST_FILE = YES;
				HEADER_SEARCH_PATHS = /usr/local/include;
				INFOPLIST_FILE = reversi/Info.plist;
				INFOPLIST_KEY_UIApplicationSupportsIndirectInputEvents = YES;
				INFOPLIST_KEY_UILaunchStoryboardName = LaunchScreen;
				INFOPLIST_KEY_UIMainStoryboardFile = Main;
				INFOPLIST_KEY_UISupportedInterfaceOrientations = UIInterfaceOrientationPortrait;
				IPHONEOS_DEPLOYMENT_TARGET = 15.0;
				LD_RUNPATH_SEARCH_PATHS = (
					"$(inherited)",
					"@executable_path/Frameworks",
				);
				LLVM_LTO = YES;
				MARKETING_VERSION = 1.0;
				OTHER_CPLUSPLUSFLAGS = (
					"-flto",
					"-stdlib=libc++",
					"-fexperimental-library",
				);
				PRODUCT_BUNDLE_IDENTIFIER = com.sasa.reversi.mobile;
				PRODUCT_NAME = "$(TARGET_NAME)";
				PROVISIONING_PROFILE_SPECIFIER = "";
				SWIFT_EMIT_LOC_STRINGS = YES;
				TARGETED_DEVICE_FAMILY = "1,2";
			};
			name = Debug;
		};
		5A2383452C87EA4D004548F4 /* Release */ = {
			isa = XCBuildConfiguration;
			buildSettings = {
				ASSETCATALOG_COMPILER_APPICON_NAME = AppIcon;
				ASSETCATALOG_COMPILER_GLOBAL_ACCENT_COLOR_NAME = AccentColor;
				CODE_SIGN_IDENTITY = "Apple Development";
				CODE_SIGN_STYLE = Automatic;
				CURRENT_PROJECT_VERSION = 1;
				DEVELOPMENT_TEAM = FK8QHR7LYX;
				GCC_FAST_MATH = YES;
				GCC_OPTIMIZATION_LEVEL = fast;
				GCC_UNROLL_LOOPS = YES;
				GENERATE_INFOPLIST_FILE = YES;
				HEADER_SEARCH_PATHS = /usr/local/include;
				INFOPLIST_FILE = reversi/Info.plist;
				INFOPLIST_KEY_UIApplicationSupportsIndirectInputEvents = YES;
				INFOPLIST_KEY_UILaunchStoryboardName = LaunchScreen;
				INFOPLIST_KEY_UIMainStoryboardFile = Main;
				INFOPLIST_KEY_UISupportedInterfaceOrientations = UIInterfaceOrientationPortrait;
				IPHONEOS_DEPLOYMENT_TARGET = 15.0;
				LD_RUNPATH_SEARCH_PATHS = (
					"$(inherited)",
					"@executable_path/Frameworks",
				);
				LLVM_LTO = YES;
				MARKETING_VERSION = 1.0;
				OTHER_CPLUSPLUSFLAGS = (
					"-flto",
					"-stdlib=libc++",
					"-fexperimental-library",
				);
				PRODUCT_BUNDLE_IDENTIFIER = com.sasa.reversi.mobile;
				PRODUCT_NAME = "$(TARGET_NAME)";
				PROVISIONING_PROFILE_SPECIFIER = "";
				SWIFT_EMIT_LOC_STRINGS = YES;
				TARGETED_DEVICE_FAMILY = "1,2";
			};
			name = Release;
		};
		5A2383472C87EA4D004548F4 /* Debug */ = {
			isa = XCBuildConfiguration;
			buildSettings = {
				ALWAYS_SEARCH_USER_PATHS = NO;
				ASSETCATALOG_COMPILER_GENERATE_SWIFT_ASSET_SYMBOL_EXTENSIONS = YES;
				CLANG_ANALYZER_NONNULL = YES;
				CLANG_ANALYZER_NUMBER_OBJECT_CONVERSION = YES_AGGRESSIVE;
				CLANG_CXX_LANGUAGE_STANDARD = "gnu++20";
				CLANG_ENABLE_MODULES = YES;
				CLANG_ENABLE_OBJC_ARC = YES;
				CLANG_ENABLE_OBJC_WEAK = YES;
				CLANG_WARN_BLOCK_CAPTURE_AUTORELEASING = YES;
				CLANG_WARN_BOOL_CONVERSION = YES;
				CLANG_WARN_COMMA = YES;
				CLANG_WARN_CONSTANT_CONVERSION = YES;
				CLANG_WARN_DEPRECATED_OBJC_IMPLEMENTATIONS = YES;
				CLANG_WARN_DIRECT_OBJC_ISA_USAGE = YES_ERROR;
				CLANG_WARN_DOCUMENTATION_COMMENTS = YES;
				CLANG_WARN_EMPTY_BODY = YES;
				CLANG_WARN_ENUM_CONVERSION = YES;
				CLANG_WARN_INFINITE_RECURSION = YES;
				CLANG_WARN_INT_CONVERSION = YES;
				CLANG_WARN_NON_LITERAL_NULL_CONVERSION = YES;
				CLANG_WARN_OBJC_IMPLICIT_RETAIN_SELF = YES;
				CLANG_WARN_OBJC_LITERAL_CONVERSION = YES;
				CLANG_WARN_OBJC_ROOT_CLASS = YES_ERROR;
				CLANG_WARN_QUOTED_INCLUDE_IN_FRAMEWORK_HEADER = YES;
				CLANG_WARN_RANGE_LOOP_ANALYSIS = YES;
				CLANG_WARN_STRICT_PROTOTYPES = YES;
				CLANG_WARN_SUSPICIOUS_MOVE = YES;
				CLANG_WARN_UNGUARDED_AVAILABILITY = YES_AGGRESSIVE;
				CLANG_WARN_UNREACHABLE_CODE = YES;
				CLANG_WARN__DUPLICATE_METHOD_MATCH = YES;
				COPY_PHASE_STRIP = NO;
				DEBUG_INFORMATION_FORMAT = dwarf;
				ENABLE_STRICT_OBJC_MSGSEND = YES;
				ENABLE_TESTABILITY = YES;
				ENABLE_USER_SCRIPT_SANDBOXING = YES;
				GCC_C_LANGUAGE_STANDARD = gnu17;
				GCC_DYNAMIC_NO_PIC = NO;
				GCC_NO_COMMON_BLOCKS = YES;
				GCC_OPTIMIZATION_LEVEL = 0;
				GCC_PREPROCESSOR_DEFINITIONS = (
					"DEBUG=1",
					"$(inherited)",
				);
				GCC_WARN_64_TO_32_BIT_CONVERSION = YES;
				GCC_WARN_ABOUT_RETURN_TYPE = YES_ERROR;
				GCC_WARN_UNDECLARED_SELECTOR = YES;
				GCC_WARN_UNINITIALIZED_AUTOS = YES_AGGRESSIVE;
				GCC_WARN_UNUSED_FUNCTION = YES;
				GCC_WARN_UNUSED_VARIABLE = YES;
				IPHONEOS_DEPLOYMENT_TARGET = 18.1;
				LOCALIZATION_PREFERS_STRING_CATALOGS = YES;
				MTL_ENABLE_DEBUG_INFO = INCLUDE_SOURCE;
				MTL_FAST_MATH = YES;
				ONLY_ACTIVE_ARCH = YES;
				SDKROOT = iphoneos;
			};
			name = Debug;
		};
		5A2383482C87EA4D004548F4 /* Release */ = {
			isa = XCBuildConfiguration;
			buildSettings = {
				ALWAYS_SEARCH_USER_PATHS = NO;
				ASSETCATALOG_COMPILER_GENERATE_SWIFT_ASSET_SYMBOL_EXTENSIONS = YES;
				CLANG_ANALYZER_NONNULL = YES;
				CLANG_ANALYZER_NUMBER_OBJECT_CONVERSION = YES_AGGRESSIVE;
				CLANG_CXX_LANGUAGE_STANDARD = "gnu++20";
				CLANG_ENABLE_MODULES = YES;
				CLANG_ENABLE_OBJC_ARC = YES;
				CLANG_ENABLE_OBJC_WEAK = YES;
				CLANG_WARN_BLOCK_CAPTURE_AUTORELEASING = YES;
				CLANG_WARN_BOOL_CONVERSION = YES;
				CLANG_WARN_COMMA = YES;
				CLANG_WARN_CONSTANT_CONVERSION = YES;
				CLANG_WARN_DEPRECATED_OBJC_IMPLEMENTATIONS = YES;
				CLANG_WARN_DIRECT_OBJC_ISA_USAGE = YES_ERROR;
				CLANG_WARN_DOCUMENTATION_COMMENTS = YES;
				CLANG_WARN_EMPTY_BODY = YES;
				CLANG_WARN_ENUM_CONVERSION = YES;
				CLANG_WARN_INFINITE_RECURSION = YES;
				CLANG_WARN_INT_CONVERSION = YES;
				CLANG_WARN_NON_LITERAL_NULL_CONVERSION = YES;
				CLANG_WARN_OBJC_IMPLICIT_RETAIN_SELF = YES;
				CLANG_WARN_OBJC_LITERAL_CONVERSION = YES;
				CLANG_WARN_OBJC_ROOT_CLASS = YES_ERROR;
				CLANG_WARN_QUOTED_INCLUDE_IN_FRAMEWORK_HEADER = YES;
				CLANG_WARN_RANGE_LOOP_ANALYSIS = YES;
				CLANG_WARN_STRICT_PROTOTYPES = YES;
				CLANG_WARN_SUSPICIOUS_MOVE = YES;
				CLANG_WARN_UNGUARDED_AVAILABILITY = YES_AGGRESSIVE;
				CLANG_WARN_UNREACHABLE_CODE = YES;
				CLANG_WARN__DUPLICATE_METHOD_MATCH = YES;
				COPY_PHASE_STRIP = NO;
				DEBUG_INFORMATION_FORMAT = "dwarf-with-dsym";
				ENABLE_NS_ASSERTIONS = NO;
				ENABLE_STRICT_OBJC_MSGSEND = YES;
				ENABLE_USER_SCRIPT_SANDBOXING = YES;
				GCC_C_LANGUAGE_STANDARD = gnu17;
				GCC_NO_COMMON_BLOCKS = YES;
				GCC_WARN_64_TO_32_BIT_CONVERSION = YES;
				GCC_WARN_ABOUT_RETURN_TYPE = YES_ERROR;
				GCC_WARN_UNDECLARED_SELECTOR = YES;
				GCC_WARN_UNINITIALIZED_AUTOS = YES_AGGRESSIVE;
				GCC_WARN_UNUSED_FUNCTION = YES;
				GCC_WARN_UNUSED_VARIABLE = YES;
				IPHONEOS_DEPLOYMENT_TARGET = 18.1;
				LOCALIZATION_PREFERS_STRING_CATALOGS = YES;
				MTL_ENABLE_DEBUG_INFO = NO;
				MTL_FAST_MATH = YES;
				SDKROOT = iphoneos;
				VALIDATE_PRODUCT = YES;
			};
			name = Release;
		};
		5A23834A2C87EA4D004548F4 /* Debug */ = {
			isa = XCBuildConfiguration;
			buildSettings = {
				BUNDLE_LOADER = "$(TEST_HOST)";
				CODE_SIGN_STYLE = Automatic;
				CURRENT_PROJECT_VERSION = 1;
				DEVELOPMENT_TEAM = FK8QHR7LYX;
				GENERATE_INFOPLIST_FILE = YES;
				IPHONEOS_DEPLOYMENT_TARGET = 18.1;
				MARKETING_VERSION = 1.0;
				PRODUCT_BUNDLE_IDENTIFIER = com.sasa.reversi.mobile.reversiTests;
				PRODUCT_NAME = "$(TARGET_NAME)";
				SWIFT_EMIT_LOC_STRINGS = NO;
				TARGETED_DEVICE_FAMILY = "1,2";
				TEST_HOST = "$(BUILT_PRODUCTS_DIR)/reversi.app/$(BUNDLE_EXECUTABLE_FOLDER_PATH)/reversi";
			};
			name = Debug;
		};
		5A23834B2C87EA4D004548F4 /* Release */ = {
			isa = XCBuildConfiguration;
			buildSettings = {
				BUNDLE_LOADER = "$(TEST_HOST)";
				CODE_SIGN_STYLE = Automatic;
				CURRENT_PROJECT_VERSION = 1;
				DEVELOPMENT_TEAM = FK8QHR7LYX;
				GENERATE_INFOPLIST_FILE = YES;
				IPHONEOS_DEPLOYMENT_TARGET = 18.1;
				MARKETING_VERSION = 1.0;
				PRODUCT_BUNDLE_IDENTIFIER = com.sasa.reversi.mobile.reversiTests;
				PRODUCT_NAME = "$(TARGET_NAME)";
				SWIFT_EMIT_LOC_STRINGS = NO;
				TARGETED_DEVICE_FAMILY = "1,2";
				TEST_HOST = "$(BUILT_PRODUCTS_DIR)/reversi.app/$(BUNDLE_EXECUTABLE_FOLDER_PATH)/reversi";
			};
			name = Release;
		};
		5A23834D2C87EA4D004548F4 /* Debug */ = {
			isa = XCBuildConfiguration;
			buildSettings = {
				CODE_SIGN_STYLE = Automatic;
				CURRENT_PROJECT_VERSION = 1;
				DEVELOPMENT_TEAM = FK8QHR7LYX;
				GENERATE_INFOPLIST_FILE = YES;
				MARKETING_VERSION = 1.0;
				PRODUCT_BUNDLE_IDENTIFIER = com.sasa.reversi.mobile.reversiUITests;
				PRODUCT_NAME = "$(TARGET_NAME)";
				SWIFT_EMIT_LOC_STRINGS = NO;
				TARGETED_DEVICE_FAMILY = "1,2";
				TEST_TARGET_NAME = reversi;
			};
			name = Debug;
		};
		5A23834E2C87EA4D004548F4 /* Release */ = {
			isa = XCBuildConfiguration;
			buildSettings = {
				CODE_SIGN_STYLE = Automatic;
				CURRENT_PROJECT_VERSION = 1;
				DEVELOPMENT_TEAM = FK8QHR7LYX;
				GENERATE_INFOPLIST_FILE = YES;
				MARKETING_VERSION = 1.0;
				PRODUCT_BUNDLE_IDENTIFIER = com.sasa.reversi.mobile.reversiUITests;
				PRODUCT_NAME = "$(TARGET_NAME)";
				SWIFT_EMIT_LOC_STRINGS = NO;
				TARGETED_DEVICE_FAMILY = "1,2";
				TEST_TARGET_NAME = reversi;
			};
			name = Release;
		};
/* End XCBuildConfiguration section */

/* Begin XCConfigurationList section */
		5A2383102C87EA4B004548F4 /* Build configuration list for PBXProject "reversi" */ = {
			isa = XCConfigurationList;
			buildConfigurations = (
				5A2383472C87EA4D004548F4 /* Debug */,
				5A2383482C87EA4D004548F4 /* Release */,
			);
			defaultConfigurationIsVisible = 0;
			defaultConfigurationName = Release;
		};
		5A2383432C87EA4D004548F4 /* Build configuration list for PBXNativeTarget "reversi" */ = {
			isa = XCConfigurationList;
			buildConfigurations = (
				5A2383442C87EA4D004548F4 /* Debug */,
				5A2383452C87EA4D004548F4 /* Release */,
			);
			defaultConfigurationIsVisible = 0;
			defaultConfigurationName = Release;
		};
		5A2383492C87EA4D004548F4 /* Build configuration list for PBXNativeTarget "reversiTests" */ = {
			isa = XCConfigurationList;
			buildConfigurations = (
				5A23834A2C87EA4D004548F4 /* Debug */,
				5A23834B2C87EA4D004548F4 /* Release */,
			);
			defaultConfigurationIsVisible = 0;
			defaultConfigurationName = Release;
		};
		5A23834C2C87EA4D004548F4 /* Build configuration list for PBXNativeTarget "reversiUITests" */ = {
			isa = XCConfigurationList;
			buildConfigurations = (
				5A23834D2C87EA4D004548F4 /* Debug */,
				5A23834E2C87EA4D004548F4 /* Release */,
			);
			defaultConfigurationIsVisible = 0;
			defaultConfigurationName = Release;
		};
/* End XCConfigurationList section */
	};
	rootObject = 5A23830D2C87EA4B004548F4 /* Project object */;
}
