// !$*UTF8*$!
{
	archiveVersion = 1;
	classes = {
	};
	objectVersion = 56;
	objects = {

/* Begin PBXBuildFile section */
		1B84B9AA2AD2F01200E10BFB /* ResultViewController.swift in Sources */ = {isa = PBXBuildFile; fileRef = 1B84B9A92AD2F01200E10BFB /* ResultViewController.swift */; };
		1B84B9AC2AD2F12600E10BFB /* FirstViewController.swift in Sources */ = {isa = PBXBuildFile; fileRef = 1B84B9AB2AD2F12600E10BFB /* FirstViewController.swift */; };
		1B8654E62B5CF121007402B0 /* reversi.h in Sources */ = {isa = PBXBuildFile; fileRef = 1BA79BFC2AC848F600E864A1 /* reversi.h */; };
		1B8654E72B5CFD99007402B0 /* reversi.c in Sources */ = {isa = PBXBuildFile; fileRef = 1BA79BFD2AC848F600E864A1 /* reversi.c */; };
		1BA79BEA2AC835CF00E864A1 /* AppDelegate.swift in Sources */ = {isa = PBXBuildFile; fileRef = 1BA79BE92AC835CF00E864A1 /* AppDelegate.swift */; };
		1BA79BEC2AC835CF00E864A1 /* ViewController.swift in Sources */ = {isa = PBXBuildFile; fileRef = 1BA79BEB2AC835CF00E864A1 /* ViewController.swift */; };
		1BA79BEE2AC835D000E864A1 /* Assets.xcassets in Resources */ = {isa = PBXBuildFile; fileRef = 1BA79BED2AC835D000E864A1 /* Assets.xcassets */; };
		1BA79BF12AC835D000E864A1 /* Main.storyboard in Resources */ = {isa = PBXBuildFile; fileRef = 1BA79BEF2AC835D000E864A1 /* Main.storyboard */; };
		1BC0B1672B4AC229004B9DBF /* evaluation.c in Sources */ = {isa = PBXBuildFile; fileRef = 1BC0B1622B4A8B57004B9DBF /* evaluation.c */; };
/* End PBXBuildFile section */

/* Begin PBXCopyFilesBuildPhase section */
		1B51CB022B4449D900307437 /* Embed Libraries */ = {
			isa = PBXCopyFilesBuildPhase;
			buildActionMask = 2147483647;
			dstPath = "";
			dstSubfolderSpec = 10;
			files = (
			);
			name = "Embed Libraries";
			runOnlyForDeploymentPostprocessing = 0;
		};
/* End PBXCopyFilesBuildPhase section */

/* Begin PBXFileReference section */
		1B84B9A92AD2F01200E10BFB /* ResultViewController.swift */ = {isa = PBXFileReference; lastKnownFileType = sourcecode.swift; path = ResultViewController.swift; sourceTree = "<group>"; };
		1B84B9AB2AD2F12600E10BFB /* FirstViewController.swift */ = {isa = PBXFileReference; lastKnownFileType = sourcecode.swift; path = FirstViewController.swift; sourceTree = "<group>"; };
		1BA79BE62AC835CF00E864A1 /* othello.app */ = {isa = PBXFileReference; explicitFileType = wrapper.application; includeInIndex = 0; path = othello.app; sourceTree = BUILT_PRODUCTS_DIR; };
		1BA79BE92AC835CF00E864A1 /* AppDelegate.swift */ = {isa = PBXFileReference; lastKnownFileType = sourcecode.swift; path = AppDelegate.swift; sourceTree = "<group>"; };
		1BA79BEB2AC835CF00E864A1 /* ViewController.swift */ = {isa = PBXFileReference; lastKnownFileType = sourcecode.swift; path = ViewController.swift; sourceTree = "<group>"; usesTabs = 1; };
		1BA79BED2AC835D000E864A1 /* Assets.xcassets */ = {isa = PBXFileReference; lastKnownFileType = folder.assetcatalog; path = Assets.xcassets; sourceTree = "<group>"; };
		1BA79BF02AC835D000E864A1 /* Base */ = {isa = PBXFileReference; lastKnownFileType = file.storyboard; name = Base; path = Base.lproj/Main.storyboard; sourceTree = "<group>"; };
		1BA79BF22AC835D000E864A1 /* othello.entitlements */ = {isa = PBXFileReference; lastKnownFileType = text.plist.entitlements; path = othello.entitlements; sourceTree = "<group>"; };
		1BA79BFB2AC848F600E864A1 /* othello-Bridging-Header.h */ = {isa = PBXFileReference; lastKnownFileType = sourcecode.c.h; path = "othello-Bridging-Header.h"; sourceTree = "<group>"; };
		1BA79BFC2AC848F600E864A1 /* reversi.h */ = {isa = PBXFileReference; lastKnownFileType = sourcecode.c.h; name = reversi.h; path = othello/reversi.h; sourceTree = "<group>"; };
		1BA79BFD2AC848F600E864A1 /* reversi.c */ = {isa = PBXFileReference; lastKnownFileType = sourcecode.c.c; name = reversi.c; path = othello/reversi.c; sourceTree = "<group>"; tabWidth = 4; usesTabs = 1; };
		1BC0B1622B4A8B57004B9DBF /* evaluation.c */ = {isa = PBXFileReference; explicitFileType = sourcecode.c.h; name = evaluation.c; path = othello/evaluation.c; sourceTree = "<group>"; };
/* End PBXFileReference section */

/* Begin PBXFrameworksBuildPhase section */
		1BA79BE32AC835CF00E864A1 /* Frameworks */ = {
			isa = PBXFrameworksBuildPhase;
			buildActionMask = 2147483647;
			files = (
			);
			runOnlyForDeploymentPostprocessing = 0;
		};
/* End PBXFrameworksBuildPhase section */

/* Begin PBXGroup section */
		1BA79BDD2AC835CF00E864A1 = {
			isa = PBXGroup;
			children = (
				1BA79BE82AC835CF00E864A1 /* othello */,
				1BA79BE72AC835CF00E864A1 /* Products */,
				1BA79BFD2AC848F600E864A1 /* reversi.c */,
				1BC0B1622B4A8B57004B9DBF /* evaluation.c */,
				1BA79BFC2AC848F600E864A1 /* reversi.h */,
				1BA79BFB2AC848F600E864A1 /* othello-Bridging-Header.h */,
			);
			sourceTree = "<group>";
		};
		1BA79BE72AC835CF00E864A1 /* Products */ = {
			isa = PBXGroup;
			children = (
				1BA79BE62AC835CF00E864A1 /* othello.app */,
			);
			name = Products;
			sourceTree = "<group>";
		};
		1BA79BE82AC835CF00E864A1 /* othello */ = {
			isa = PBXGroup;
			children = (
				1BA79BE92AC835CF00E864A1 /* AppDelegate.swift */,
				1B84B9A92AD2F01200E10BFB /* ResultViewController.swift */,
				1BA79BEB2AC835CF00E864A1 /* ViewController.swift */,
				1B84B9AB2AD2F12600E10BFB /* FirstViewController.swift */,
				1BA79BEF2AC835D000E864A1 /* Main.storyboard */,
				1BA79BED2AC835D000E864A1 /* Assets.xcassets */,
				1BA79BF22AC835D000E864A1 /* othello.entitlements */,
			);
			path = othello;
			sourceTree = "<group>";
		};
/* End PBXGroup section */

/* Begin PBXNativeTarget section */
		1BA79BE52AC835CF00E864A1 /* othello */ = {
			isa = PBXNativeTarget;
			buildConfigurationList = 1BA79BF52AC835D000E864A1 /* Build configuration list for PBXNativeTarget "othello" */;
			buildPhases = (
				1BA79BE22AC835CF00E864A1 /* Sources */,
				1BA79BE32AC835CF00E864A1 /* Frameworks */,
				1BA79BE42AC835CF00E864A1 /* Resources */,
				1B51CB022B4449D900307437 /* Embed Libraries */,
			);
			buildRules = (
			);
			dependencies = (
			);
			name = othello;
			productName = othello;
			productReference = 1BA79BE62AC835CF00E864A1 /* othello.app */;
			productType = "com.apple.product-type.application";
		};
/* End PBXNativeTarget section */

/* Begin PBXProject section */
		1BA79BDE2AC835CF00E864A1 /* Project object */ = {
			isa = PBXProject;
			attributes = {
				BuildIndependentTargetsInParallel = 1;
				LastSwiftUpdateCheck = 1500;
				LastUpgradeCheck = 1510;
				TargetAttributes = {
					1BA79BE52AC835CF00E864A1 = {
						CreatedOnToolsVersion = 15.0;
						LastSwiftMigration = 1500;
					};
				};
			};
			buildConfigurationList = 1BA79BE12AC835CF00E864A1 /* Build configuration list for PBXProject "othello" */;
			compatibilityVersion = "Xcode 14.0";
			developmentRegion = en;
			hasScannedForEncodings = 0;
			knownRegions = (
				en,
				Base,
			);
			mainGroup = 1BA79BDD2AC835CF00E864A1;
			productRefGroup = 1BA79BE72AC835CF00E864A1 /* Products */;
			projectDirPath = "";
			projectRoot = "";
			targets = (
				1BA79BE52AC835CF00E864A1 /* othello */,
			);
		};
/* End PBXProject section */

/* Begin PBXResourcesBuildPhase section */
		1BA79BE42AC835CF00E864A1 /* Resources */ = {
			isa = PBXResourcesBuildPhase;
			buildActionMask = 2147483647;
			files = (
				1BA79BEE2AC835D000E864A1 /* Assets.xcassets in Resources */,
				1BA79BF12AC835D000E864A1 /* Main.storyboard in Resources */,
			);
			runOnlyForDeploymentPostprocessing = 0;
		};
/* End PBXResourcesBuildPhase section */

/* Begin PBXSourcesBuildPhase section */
		1BA79BE22AC835CF00E864A1 /* Sources */ = {
			isa = PBXSourcesBuildPhase;
			buildActionMask = 2147483647;
			files = (
				1B8654E72B5CFD99007402B0 /* reversi.c in Sources */,
				1B8654E62B5CF121007402B0 /* reversi.h in Sources */,
				1BC0B1672B4AC229004B9DBF /* evaluation.c in Sources */,
				1B84B9AC2AD2F12600E10BFB /* FirstViewController.swift in Sources */,
				1B84B9AA2AD2F01200E10BFB /* ResultViewController.swift in Sources */,
				1BA79BEC2AC835CF00E864A1 /* ViewController.swift in Sources */,
				1BA79BEA2AC835CF00E864A1 /* AppDelegate.swift in Sources */,
			);
			runOnlyForDeploymentPostprocessing = 0;
		};
/* End PBXSourcesBuildPhase section */

/* Begin PBXVariantGroup section */
		1BA79BEF2AC835D000E864A1 /* Main.storyboard */ = {
			isa = PBXVariantGroup;
			children = (
				1BA79BF02AC835D000E864A1 /* Base */,
			);
			name = Main.storyboard;
			sourceTree = "<group>";
		};
/* End PBXVariantGroup section */

/* Begin XCBuildConfiguration section */
		1BA79BF32AC835D000E864A1 /* Debug */ = {
			isa = XCBuildConfiguration;
			buildSettings = {
				ALWAYS_SEARCH_USER_PATHS = NO;
				ASSETCATALOG_COMPILER_GENERATE_SWIFT_ASSET_SYMBOL_EXTENSIONS = YES;
				CLANG_ANALYZER_NONNULL = YES;
				CLANG_ANALYZER_NUMBER_OBJECT_CONVERSION = YES_AGGRESSIVE;
				CLANG_CXX_LANGUAGE_STANDARD = "gnu++20";
				CLANG_ENABLE_MODULES = YES;
				CLANG_ENABLE_OBJC_ARC = YES;
				CLANG_ENABLE_OBJC_WEAK = YES;
				CLANG_WARN_BLOCK_CAPTURE_AUTORELEASING = YES;
				CLANG_WARN_BOOL_CONVERSION = YES;
				CLANG_WARN_COMMA = YES;
				CLANG_WARN_CONSTANT_CONVERSION = YES;
				CLANG_WARN_DEPRECATED_OBJC_IMPLEMENTATIONS = YES;
				CLANG_WARN_DIRECT_OBJC_ISA_USAGE = YES_ERROR;
				CLANG_WARN_DOCUMENTATION_COMMENTS = YES;
				CLANG_WARN_EMPTY_BODY = YES;
				CLANG_WARN_ENUM_CONVERSION = YES;
				CLANG_WARN_INFINITE_RECURSION = YES;
				CLANG_WARN_INT_CONVERSION = YES;
				CLANG_WARN_NON_LITERAL_NULL_CONVERSION = YES;
				CLANG_WARN_OBJC_IMPLICIT_RETAIN_SELF = YES;
				CLANG_WARN_OBJC_LITERAL_CONVERSION = YES;
				CLANG_WARN_OBJC_ROOT_CLASS = YES_ERROR;
				CLANG_WARN_QUOTED_INCLUDE_IN_FRAMEWORK_HEADER = YES;
				CLANG_WARN_RANGE_LOOP_ANALYSIS = YES;
				CLANG_WARN_STRICT_PROTOTYPES = YES;
				CLANG_WARN_SUSPICIOUS_MOVE = YES;
				CLANG_WARN_UNGUARDED_AVAILABILITY = YES_AGGRESSIVE;
				CLANG_WARN_UNREACHABLE_CODE = YES;
				CLANG_WARN__DUPLICATE_METHOD_MATCH = YES;
				COPY_PHASE_STRIP = NO;
				DEAD_CODE_STRIPPING = YES;
				DEBUG_INFORMATION_FORMAT = dwarf;
				ENABLE_STRICT_OBJC_MSGSEND = YES;
				ENABLE_TESTABILITY = YES;
				ENABLE_USER_SCRIPT_SANDBOXING = YES;
				GCC_C_LANGUAGE_STANDARD = gnu17;
				GCC_DYNAMIC_NO_PIC = NO;
				GCC_NO_COMMON_BLOCKS = YES;
				GCC_OPTIMIZATION_LEVEL = 3;
				GCC_PREPROCESSOR_DEFINITIONS = (
					"DEBUG=1",
					"$(inherited)",
				);
				GCC_VERSION = "";
				GCC_WARN_64_TO_32_BIT_CONVERSION = YES;
				GCC_WARN_ABOUT_RETURN_TYPE = YES_ERROR;
				GCC_WARN_UNDECLARED_SELECTOR = YES;
				GCC_WARN_UNINITIALIZED_AUTOS = YES_AGGRESSIVE;
				GCC_WARN_UNUSED_FUNCTION = YES;
				GCC_WARN_UNUSED_VARIABLE = YES;
				LOCALIZATION_PREFERS_STRING_CATALOGS = YES;
				MACOSX_DEPLOYMENT_TARGET = 11.0;
				MTL_ENABLE_DEBUG_INFO = INCLUDE_SOURCE;
				MTL_FAST_MATH = YES;
				ONLY_ACTIVE_ARCH = NO;
				SDKROOT = macosx;
				SWIFT_ACTIVE_COMPILATION_CONDITIONS = "DEBUG $(inherited)";
				SWIFT_OPTIMIZATION_LEVEL = "-Onone";
			};
			name = Debug;
		};
		1BA79BF42AC835D000E864A1 /* Release */ = {
			isa = XCBuildConfiguration;
			buildSettings = {
				ALWAYS_SEARCH_USER_PATHS = NO;
				ASSETCATALOG_COMPILER_GENERATE_SWIFT_ASSET_SYMBOL_EXTENSIONS = YES;
				CLANG_ANALYZER_NONNULL = YES;
				CLANG_ANALYZER_NUMBER_OBJECT_CONVERSION = YES_AGGRESSIVE;
				CLANG_CXX_LANGUAGE_STANDARD = "gnu++20";
				CLANG_ENABLE_MODULES = YES;
				CLANG_ENABLE_OBJC_ARC = YES;
				CLANG_ENABLE_OBJC_WEAK = YES;
				CLANG_WARN_BLOCK_CAPTURE_AUTORELEASING = YES;
				CLANG_WARN_BOOL_CONVERSION = YES;
				CLANG_WARN_COMMA = YES;
				CLANG_WARN_CONSTANT_CONVERSION = YES;
				CLANG_WARN_DEPRECATED_OBJC_IMPLEMENTATIONS = YES;
				CLANG_WARN_DIRECT_OBJC_ISA_USAGE = YES_ERROR;
				CLANG_WARN_DOCUMENTATION_COMMENTS = YES;
				CLANG_WARN_EMPTY_BODY = YES;
				CLANG_WARN_ENUM_CONVERSION = YES;
				CLANG_WARN_INFINITE_RECURSION = YES;
				CLANG_WARN_INT_CONVERSION = YES;
				CLANG_WARN_NON_LITERAL_NULL_CONVERSION = YES;
				CLANG_WARN_OBJC_IMPLICIT_RETAIN_SELF = YES;
				CLANG_WARN_OBJC_LITERAL_CONVERSION = YES;
				CLANG_WARN_OBJC_ROOT_CLASS = YES_ERROR;
				CLANG_WARN_QUOTED_INCLUDE_IN_FRAMEWORK_HEADER = YES;
				CLANG_WARN_RANGE_LOOP_ANALYSIS = YES;
				CLANG_WARN_STRICT_PROTOTYPES = YES;
				CLANG_WARN_SUSPICIOUS_MOVE = YES;
				CLANG_WARN_UNGUARDED_AVAILABILITY = YES_AGGRESSIVE;
				CLANG_WARN_UNREACHABLE_CODE = YES;
				CLANG_WARN__DUPLICATE_METHOD_MATCH = YES;
				COPY_PHASE_STRIP = NO;
				DEAD_CODE_STRIPPING = YES;
				DEBUG_INFORMATION_FORMAT = "dwarf-with-dsym";
				ENABLE_NS_ASSERTIONS = NO;
				ENABLE_STRICT_OBJC_MSGSEND = YES;
				ENABLE_USER_SCRIPT_SANDBOXING = YES;
				GCC_C_LANGUAGE_STANDARD = gnu17;
				GCC_NO_COMMON_BLOCKS = YES;
				GCC_OPTIMIZATION_LEVEL = 3;
				GCC_VERSION = "";
				GCC_WARN_64_TO_32_BIT_CONVERSION = YES;
				GCC_WARN_ABOUT_RETURN_TYPE = YES_ERROR;
				GCC_WARN_UNDECLARED_SELECTOR = YES;
				GCC_WARN_UNINITIALIZED_AUTOS = YES_AGGRESSIVE;
				GCC_WARN_UNUSED_FUNCTION = YES;
				GCC_WARN_UNUSED_VARIABLE = YES;
				LOCALIZATION_PREFERS_STRING_CATALOGS = YES;
				MACOSX_DEPLOYMENT_TARGET = 11.0;
				MTL_ENABLE_DEBUG_INFO = NO;
				MTL_FAST_MATH = YES;
				SDKROOT = macosx;
				SWIFT_COMPILATION_MODE = wholemodule;
			};
			name = Release;
		};
		1BA79BF62AC835D000E864A1 /* Debug */ = {
			isa = XCBuildConfiguration;
			buildSettings = {
				ARCHS = "$(ARCHS_STANDARD)";
				ASSETCATALOG_COMPILER_APPICON_NAME = AppIcon;
				ASSETCATALOG_COMPILER_GLOBAL_ACCENT_COLOR_NAME = AccentColor;
				CLANG_ENABLE_MODULES = YES;
				CODE_SIGN_ENTITLEMENTS = othello/othello.entitlements;
				CODE_SIGN_STYLE = Automatic;
				COMBINE_HIDPI_IMAGES = YES;
				CURRENT_PROJECT_VERSION = 1;
				DEAD_CODE_STRIPPING = YES;
				DEVELOPMENT_TEAM = A9H2JMQLV7;
				ENABLE_HARDENED_RUNTIME = YES;
				GCC_OPTIMIZATION_LEVEL = 3;
				GCC_UNROLL_LOOPS = YES;
				GCC_VERSION = "";
				GENERATE_INFOPLIST_FILE = YES;
				INFOPLIST_KEY_CFBundleDisplayName = Othello;
				INFOPLIST_KEY_NSHumanReadableCopyright = "";
				INFOPLIST_KEY_NSMainStoryboardFile = Main;
				INFOPLIST_KEY_NSPrincipalClass = NSApplication;
				LD_RUNPATH_SEARCH_PATHS = (
					"$(inherited)",
					"@executable_path/../Frameworks",
				);
				LIBRARY_SEARCH_PATHS = "";
				MACOSX_DEPLOYMENT_TARGET = 11.0;
				MARKETING_VERSION = 0.3;
				ONLY_ACTIVE_ARCH = NO;
				OTHER_CFLAGS = (
					"-I/usr/local/opt/libomp/include",
					"-Xpreprocessor",
					"-fopenmp",
				);
				"OTHER_CFLAGS[arch=arm64]" = (
					"-I/opt/homebrew/opt/libomp/include",
					"-Xpreprocessor",
					"-fopenmp",
				);
				"OTHER_CFLAGS[arch=x86_64]" = (
					"-I/usr/local/opt/libomp/include",
					"-Xpreprocessor",
					"-fopenmp",
				);
				OTHER_LDFLAGS = (
					"-L/usr/local/opt/libomp/lib",
					"-lomp",
				);
				"OTHER_LDFLAGS[arch=arm64]" = (
					"-L/opt/homebrew/opt/libomp/lib",
					"-lomp",
				);
				"OTHER_LDFLAGS[arch=x86_64]" = (
					"-L/usr/local/opt/libomp/lib",
					"-lomp",
				);
				PRODUCT_BUNDLE_IDENTIFIER = com.sasa.othello;
				PRODUCT_NAME = "$(TARGET_NAME)";
				SWIFT_COMPILATION_MODE = singlefile;
				SWIFT_EMIT_LOC_STRINGS = YES;
				SWIFT_INCLUDE_PATHS = "";
				SWIFT_OBJC_BRIDGING_HEADER = "othello-Bridging-Header.h";
				SWIFT_OPTIMIZATION_LEVEL = "-O";
				SWIFT_VERSION = 5.0;
			};
			name = Debug;
		};
		1BA79BF72AC835D000E864A1 /* Release */ = {
			isa = XCBuildConfiguration;
			buildSettings = {
				ARCHS = "$(ARCHS_STANDARD)";
				ASSETCATALOG_COMPILER_APPICON_NAME = AppIcon;
				ASSETCATALOG_COMPILER_GLOBAL_ACCENT_COLOR_NAME = AccentColor;
				CLANG_ENABLE_MODULES = YES;
				CODE_SIGN_ENTITLEMENTS = othello/othello.entitlements;
				CODE_SIGN_STYLE = Automatic;
				COMBINE_HIDPI_IMAGES = YES;
				CURRENT_PROJECT_VERSION = 1;
				DEAD_CODE_STRIPPING = YES;
				DEVELOPMENT_TEAM = A9H2JMQLV7;
				ENABLE_HARDENED_RUNTIME = YES;
				GCC_OPTIMIZATION_LEVEL = 3;
				GCC_UNROLL_LOOPS = YES;
				GCC_VERSION = "";
				GENERATE_INFOPLIST_FILE = YES;
				INFOPLIST_KEY_CFBundleDisplayName = Othello;
				INFOPLIST_KEY_NSHumanReadableCopyright = "";
				INFOPLIST_KEY_NSMainStoryboardFile = Main;
				INFOPLIST_KEY_NSPrincipalClass = NSApplication;
				LD_RUNPATH_SEARCH_PATHS = (
					"$(inherited)",
					"@executable_path/../Frameworks",
				);
				LIBRARY_SEARCH_PATHS = "";
				MACOSX_DEPLOYMENT_TARGET = 11.0;
				MARKETING_VERSION = 0.3;
				ONLY_ACTIVE_ARCH = NO;
				OTHER_CFLAGS = (
					"-I/usr/local/opt/libomp/include",
					"-Xpreprocessor",
					"-fopenmp",
				);
				"OTHER_CFLAGS[arch=arm64]" = (
					"-I/opt/homebrew/opt/libomp/include",
					"-Xpreprocessor",
					"-fopenmp",
				);
				"OTHER_CFLAGS[arch=x86_64]" = (
					"-I/usr/local/opt/libomp/include",
					"-Xpreprocessor",
					"-fopenmp",
				);
				OTHER_LDFLAGS = (
					"-L/usr/local/opt/libomp/lib",
					"-lomp",
				);
				"OTHER_LDFLAGS[arch=arm64]" = (
					"-L/opt/homebrew/opt/libomp/lib",
					"-lomp",
				);
				"OTHER_LDFLAGS[arch=x86_64]" = (
					"-L/usr/local/opt/libomp/lib",
					"-lomp",
				);
				PRODUCT_BUNDLE_IDENTIFIER = com.sasa.othello;
				PRODUCT_NAME = "$(TARGET_NAME)";
				SWIFT_COMPILATION_MODE = singlefile;
				SWIFT_EMIT_LOC_STRINGS = YES;
				SWIFT_INCLUDE_PATHS = "";
				SWIFT_OBJC_BRIDGING_HEADER = "othello-Bridging-Header.h";
				SWIFT_OPTIMIZATION_LEVEL = "-O";
				SWIFT_VERSION = 5.0;
			};
			name = Release;
		};
/* End XCBuildConfiguration section */

/* Begin XCConfigurationList section */
		1BA79BE12AC835CF00E864A1 /* Build configuration list for PBXProject "othello" */ = {
			isa = XCConfigurationList;
			buildConfigurations = (
				1BA79BF32AC835D000E864A1 /* Debug */,
				1BA79BF42AC835D000E864A1 /* Release */,
			);
			defaultConfigurationIsVisible = 0;
			defaultConfigurationName = Release;
		};
		1BA79BF52AC835D000E864A1 /* Build configuration list for PBXNativeTarget "othello" */ = {
			isa = XCConfigurationList;
			buildConfigurations = (
				1BA79BF62AC835D000E864A1 /* Debug */,
				1BA79BF72AC835D000E864A1 /* Release */,
			);
			defaultConfigurationIsVisible = 0;
			defaultConfigurationName = Release;
		};
/* End XCConfigurationList section */
	};
	rootObject = 1BA79BDE2AC835CF00E864A1 /* Project object */;
}
